
Microsoft Visual Studio Solution File, Format Version 12.00
# Visual Studio Version 16
VisualStudioVersion = 16.0.29519.87
MinimumVisualStudioVersion = 10.0.40219.1
Project("{FAE04EC0-301F-11D3-BF4B-00C04F79EFBC}") = "Todo", "Todo\Todo.csproj", "{0B6EA35A-225F-4C42-8773-C3D45283E666}"
EndProject
Global
	GlobalSection(SolutionConfigurationPlatforms) = preSolution
		Debug|Any CPU = Debug|Any CPU
		Release|Any CPU = Release|Any CPU
	EndGlobalSection
	GlobalSection(ProjectConfigurationPlatforms) = postSolution
		{0B6EA35A-225F-4C42-8773-C3D45283E666}.Debug|Any CPU.ActiveCfg = Debug|Any CPU
		{0B6EA35A-225F-4C42-8773-C3D45283E666}.Debug|Any CPU.Build.0 = Debug|Any CPU
		{0B6EA35A-225F-4C42-8773-C3D45283E666}.Release|Any CPU.ActiveCfg = Release|Any CPU
		{0B6EA35A-225F-4C42-8773-C3D45283E666}.Release|Any CPU.Build.0 = Release|Any CPU
	EndGlobalSection
	GlobalSection(SolutionProperties) = preSolution
		HideSolutionNode = FALSE
	EndGlobalSection
	GlobalSection(ExtensibilityGlobals) = postSolution
		SolutionGuid = {3693410C-A6C1-45D3-ADBB-260ED466B810}
	EndGlobalSection
EndGlobal
